
Microsoft Visual Studio Solution File, Format Version 12.00
# Visual Studio Version 16
VisualStudioVersion = 16.0.31005.135
MinimumVisualStudioVersion = 10.0.40219.1
Project("{FAE04EC0-301F-11D3-BF4B-00C04F79EFBC}") = "IteratorsAndComparators", "IteratorsAndComparators\IteratorsAndComparators.csproj", "{3BE10463-ED71-4C6B-B3D1-ED5A7A65115D}"
EndProject
Global
	GlobalSection(SolutionConfigurationPlatforms) = preSolution
		Debug|Any CPU = Debug|Any CPU
		Release|Any CPU = Release|Any CPU
	EndGlobalSection
	GlobalSection(ProjectConfigurationPlatforms) = postSolution
		{3BE10463-ED71-4C6B-B3D1-ED5A7A65115D}.Debug|Any CPU.ActiveCfg = Debug|Any CPU
		{3BE10463-ED71-4C6B-B3D1-ED5A7A65115D}.Debug|Any CPU.Build.0 = Debug|Any CPU
		{3BE10463-ED71-4C6B-B3D1-ED5A7A65115D}.Release|Any CPU.ActiveCfg = Release|Any CPU
		{3BE10463-ED71-4C6B-B3D1-ED5A7A65115D}.Release|Any CPU.Build.0 = Release|Any CPU
	EndGlobalSection
	GlobalSection(SolutionProperties) = preSolution
		HideSolutionNode = FALSE
	EndGlobalSection
	GlobalSection(ExtensibilityGlobals) = postSolution
		SolutionGuid = {45A73D89-553F-4EB4-A723-0BD74299E89B}
	EndGlobalSection
EndGlobal
