
Microsoft Visual Studio Solution File, Format Version 12.00
# Visual Studio Version 16
VisualStudioVersion = 16.0.31019.35
MinimumVisualStudioVersion = 10.0.40219.1
Project("{9A19103F-16F7-4668-BE54-9A1E7A4F7556}") = "Box", "Box\Box.csproj", "{64DA5CE4-20FC-4C18-B374-CFDFC922B287}"
EndProject
Project("{9A19103F-16F7-4668-BE54-9A1E7A4F7556}") = "ShoppingSpree", "ShoppingSpree\ShoppingSpree.csproj", "{11622801-080A-4C6F-9AE2-B97A39BC24DD}"
EndProject
Project("{FAE04EC0-301F-11D3-BF4B-00C04F79EFBC}") = "PizzaCalories", "PizzaCalories\PizzaCalories.csproj", "{8FDB413E-1819-4A61-B4A9-E346B802084D}"
EndProject
Global
	GlobalSection(SolutionConfigurationPlatforms) = preSolution
		Debug|Any CPU = Debug|Any CPU
		Release|Any CPU = Release|Any CPU
	EndGlobalSection
	GlobalSection(ProjectConfigurationPlatforms) = postSolution
		{64DA5CE4-20FC-4C18-B374-CFDFC922B287}.Debug|Any CPU.ActiveCfg = Debug|Any CPU
		{64DA5CE4-20FC-4C18-B374-CFDFC922B287}.Debug|Any CPU.Build.0 = Debug|Any CPU
		{64DA5CE4-20FC-4C18-B374-CFDFC922B287}.Release|Any CPU.ActiveCfg = Release|Any CPU
		{64DA5CE4-20FC-4C18-B374-CFDFC922B287}.Release|Any CPU.Build.0 = Release|Any CPU
		{11622801-080A-4C6F-9AE2-B97A39BC24DD}.Debug|Any CPU.ActiveCfg = Debug|Any CPU
		{11622801-080A-4C6F-9AE2-B97A39BC24DD}.Debug|Any CPU.Build.0 = Debug|Any CPU
		{11622801-080A-4C6F-9AE2-B97A39BC24DD}.Release|Any CPU.ActiveCfg = Release|Any CPU
		{11622801-080A-4C6F-9AE2-B97A39BC24DD}.Release|Any CPU.Build.0 = Release|Any CPU
		{8FDB413E-1819-4A61-B4A9-E346B802084D}.Debug|Any CPU.ActiveCfg = Debug|Any CPU
		{8FDB413E-1819-4A61-B4A9-E346B802084D}.Debug|Any CPU.Build.0 = Debug|Any CPU
		{8FDB413E-1819-4A61-B4A9-E346B802084D}.Release|Any CPU.ActiveCfg = Release|Any CPU
		{8FDB413E-1819-4A61-B4A9-E346B802084D}.Release|Any CPU.Build.0 = Release|Any CPU
	EndGlobalSection
	GlobalSection(SolutionProperties) = preSolution
		HideSolutionNode = FALSE
	EndGlobalSection
	GlobalSection(ExtensibilityGlobals) = postSolution
		SolutionGuid = {F15FF311-6846-494C-968A-B86348A1580A}
	EndGlobalSection
EndGlobal
