
Microsoft Visual Studio Solution File, Format Version 12.00
# Visual Studio Version 16
VisualStudioVersion = 16.0.29926.136
MinimumVisualStudioVersion = 10.0.40219.1
Project("{9A19103F-16F7-4668-BE54-9A1E7A4F7556}") = "BackInTime", "BackInTime\BackInTime.csproj", "{FACC94F6-11C9-42EE-A378-76DF3082596E}"
EndProject
Project("{9A19103F-16F7-4668-BE54-9A1E7A4F7556}") = "Hospital", "ConsoleApp2\Hospital.csproj", "{CD76DEC4-BEEB-49FA-A18B-4E954D25A083}"
EndProject
Project("{9A19103F-16F7-4668-BE54-9A1E7A4F7556}") = "Logistics", "Logistics\Logistics.csproj", "{C845C3B0-5E52-4032-8275-FD121A1DC4FD}"
EndProject
Project("{9A19103F-16F7-4668-BE54-9A1E7A4F7556}") = "GameOfIntervals", "GameOfIntervals\GameOfIntervals.csproj", "{30E50C4B-B5DE-4225-9E9A-89159FBBAC74}"
EndProject
Project("{9A19103F-16F7-4668-BE54-9A1E7A4F7556}") = "Bills", "Bills\Bills.csproj", "{DBFF8220-E574-4D9A-B9BA-4BE9BEF8D4DF}"
EndProject
Project("{9A19103F-16F7-4668-BE54-9A1E7A4F7556}") = "FootballFans", "FootballFans\FootballFans.csproj", "{F011FD7D-5086-4BA8-80D9-5393FFA34206}"
EndProject
Project("{FAE04EC0-301F-11D3-BF4B-00C04F79EFBC}") = "EqualPairs", "EqualPairs\EqualPairs.csproj", "{3752372B-9D0D-40E3-A5B6-D577D5FE072E}"
EndProject
Global
	GlobalSection(SolutionConfigurationPlatforms) = preSolution
		Debug|Any CPU = Debug|Any CPU
		Release|Any CPU = Release|Any CPU
	EndGlobalSection
	GlobalSection(ProjectConfigurationPlatforms) = postSolution
		{FACC94F6-11C9-42EE-A378-76DF3082596E}.Debug|Any CPU.ActiveCfg = Debug|Any CPU
		{FACC94F6-11C9-42EE-A378-76DF3082596E}.Debug|Any CPU.Build.0 = Debug|Any CPU
		{FACC94F6-11C9-42EE-A378-76DF3082596E}.Release|Any CPU.ActiveCfg = Release|Any CPU
		{FACC94F6-11C9-42EE-A378-76DF3082596E}.Release|Any CPU.Build.0 = Release|Any CPU
		{CD76DEC4-BEEB-49FA-A18B-4E954D25A083}.Debug|Any CPU.ActiveCfg = Debug|Any CPU
		{CD76DEC4-BEEB-49FA-A18B-4E954D25A083}.Debug|Any CPU.Build.0 = Debug|Any CPU
		{CD76DEC4-BEEB-49FA-A18B-4E954D25A083}.Release|Any CPU.ActiveCfg = Release|Any CPU
		{CD76DEC4-BEEB-49FA-A18B-4E954D25A083}.Release|Any CPU.Build.0 = Release|Any CPU
		{C845C3B0-5E52-4032-8275-FD121A1DC4FD}.Debug|Any CPU.ActiveCfg = Debug|Any CPU
		{C845C3B0-5E52-4032-8275-FD121A1DC4FD}.Debug|Any CPU.Build.0 = Debug|Any CPU
		{C845C3B0-5E52-4032-8275-FD121A1DC4FD}.Release|Any CPU.ActiveCfg = Release|Any CPU
		{C845C3B0-5E52-4032-8275-FD121A1DC4FD}.Release|Any CPU.Build.0 = Release|Any CPU
		{30E50C4B-B5DE-4225-9E9A-89159FBBAC74}.Debug|Any CPU.ActiveCfg = Debug|Any CPU
		{30E50C4B-B5DE-4225-9E9A-89159FBBAC74}.Debug|Any CPU.Build.0 = Debug|Any CPU
		{30E50C4B-B5DE-4225-9E9A-89159FBBAC74}.Release|Any CPU.ActiveCfg = Release|Any CPU
		{30E50C4B-B5DE-4225-9E9A-89159FBBAC74}.Release|Any CPU.Build.0 = Release|Any CPU
		{DBFF8220-E574-4D9A-B9BA-4BE9BEF8D4DF}.Debug|Any CPU.ActiveCfg = Debug|Any CPU
		{DBFF8220-E574-4D9A-B9BA-4BE9BEF8D4DF}.Debug|Any CPU.Build.0 = Debug|Any CPU
		{DBFF8220-E574-4D9A-B9BA-4BE9BEF8D4DF}.Release|Any CPU.ActiveCfg = Release|Any CPU
		{DBFF8220-E574-4D9A-B9BA-4BE9BEF8D4DF}.Release|Any CPU.Build.0 = Release|Any CPU
		{F011FD7D-5086-4BA8-80D9-5393FFA34206}.Debug|Any CPU.ActiveCfg = Debug|Any CPU
		{F011FD7D-5086-4BA8-80D9-5393FFA34206}.Debug|Any CPU.Build.0 = Debug|Any CPU
		{F011FD7D-5086-4BA8-80D9-5393FFA34206}.Release|Any CPU.ActiveCfg = Release|Any CPU
		{F011FD7D-5086-4BA8-80D9-5393FFA34206}.Release|Any CPU.Build.0 = Release|Any CPU
		{3752372B-9D0D-40E3-A5B6-D577D5FE072E}.Debug|Any CPU.ActiveCfg = Debug|Any CPU
		{3752372B-9D0D-40E3-A5B6-D577D5FE072E}.Debug|Any CPU.Build.0 = Debug|Any CPU
		{3752372B-9D0D-40E3-A5B6-D577D5FE072E}.Release|Any CPU.ActiveCfg = Release|Any CPU
		{3752372B-9D0D-40E3-A5B6-D577D5FE072E}.Release|Any CPU.Build.0 = Release|Any CPU
	EndGlobalSection
	GlobalSection(SolutionProperties) = preSolution
		HideSolutionNode = FALSE
	EndGlobalSection
	GlobalSection(ExtensibilityGlobals) = postSolution
		SolutionGuid = {7F4E5DF2-5553-4558-BEE3-528EB66DCCA6}
	EndGlobalSection
EndGlobal
