
Microsoft Visual Studio Solution File, Format Version 12.00
# Visual Studio Version 16
VisualStudioVersion = 16.0.30011.22
MinimumVisualStudioVersion = 10.0.40219.1
Project("{FAE04EC0-301F-11D3-BF4B-00C04F79EFBC}") = "MatchTickets", "MatchTickets\MatchTickets.csproj", "{094AED86-4B87-4DB8-ABDB-CBE41CCA9BC6}"
EndProject
Project("{FAE04EC0-301F-11D3-BF4B-00C04F79EFBC}") = "BikeRace", "BikeRace\BikeRace.csproj", "{1520E0E5-DDC6-4804-8E64-7CA37D4D1D48}"
EndProject
Global
	GlobalSection(SolutionConfigurationPlatforms) = preSolution
		Debug|Any CPU = Debug|Any CPU
		Release|Any CPU = Release|Any CPU
	EndGlobalSection
	GlobalSection(ProjectConfigurationPlatforms) = postSolution
		{094AED86-4B87-4DB8-ABDB-CBE41CCA9BC6}.Debug|Any CPU.ActiveCfg = Debug|Any CPU
		{094AED86-4B87-4DB8-ABDB-CBE41CCA9BC6}.Debug|Any CPU.Build.0 = Debug|Any CPU
		{094AED86-4B87-4DB8-ABDB-CBE41CCA9BC6}.Release|Any CPU.ActiveCfg = Release|Any CPU
		{094AED86-4B87-4DB8-ABDB-CBE41CCA9BC6}.Release|Any CPU.Build.0 = Release|Any CPU
		{1520E0E5-DDC6-4804-8E64-7CA37D4D1D48}.Debug|Any CPU.ActiveCfg = Debug|Any CPU
		{1520E0E5-DDC6-4804-8E64-7CA37D4D1D48}.Debug|Any CPU.Build.0 = Debug|Any CPU
		{1520E0E5-DDC6-4804-8E64-7CA37D4D1D48}.Release|Any CPU.ActiveCfg = Release|Any CPU
		{1520E0E5-DDC6-4804-8E64-7CA37D4D1D48}.Release|Any CPU.Build.0 = Release|Any CPU
	EndGlobalSection
	GlobalSection(SolutionProperties) = preSolution
		HideSolutionNode = FALSE
	EndGlobalSection
	GlobalSection(ExtensibilityGlobals) = postSolution
		SolutionGuid = {64B40911-935E-47FD-BDCC-24ACC3E49C2F}
	EndGlobalSection
EndGlobal
