
Microsoft Visual Studio Solution File, Format Version 12.00
# Visual Studio Version 16
VisualStudioVersion = 16.0.29926.136
MinimumVisualStudioVersion = 10.0.40219.1
Project("{9A19103F-16F7-4668-BE54-9A1E7A4F7556}") = "OldBooks", "ConsoleApp1\OldBooks.csproj", "{FAF78906-3E25-4745-A237-73B2E89B1328}"
EndProject
Project("{9A19103F-16F7-4668-BE54-9A1E7A4F7556}") = "ExamPreparation", "ExamPreparation\ExamPreparation.csproj", "{E6259B07-66CB-423C-97FC-B7B8135FB44E}"
EndProject
Project("{9A19103F-16F7-4668-BE54-9A1E7A4F7556}") = "Vacation", "Vacation\Vacation.csproj", "{67B43CF8-294D-48CC-854B-47CB5A9A85B9}"
EndProject
Project("{9A19103F-16F7-4668-BE54-9A1E7A4F7556}") = "Walking2", "Walking2\Walking2.csproj", "{E12BA52D-F5AE-45C7-90EF-DBE5FB89EE51}"
EndProject
Project("{9A19103F-16F7-4668-BE54-9A1E7A4F7556}") = "Coins", "Coins\Coins.csproj", "{FE4243F5-9C58-48C8-B5CD-708C4566AF21}"
EndProject
Project("{FAE04EC0-301F-11D3-BF4B-00C04F79EFBC}") = "Cake", "Cake\Cake.csproj", "{F46D664E-854D-4350-8003-6944ECA88B6D}"
EndProject
Global
	GlobalSection(SolutionConfigurationPlatforms) = preSolution
		Debug|Any CPU = Debug|Any CPU
		Release|Any CPU = Release|Any CPU
	EndGlobalSection
	GlobalSection(ProjectConfigurationPlatforms) = postSolution
		{FAF78906-3E25-4745-A237-73B2E89B1328}.Debug|Any CPU.ActiveCfg = Debug|Any CPU
		{FAF78906-3E25-4745-A237-73B2E89B1328}.Debug|Any CPU.Build.0 = Debug|Any CPU
		{FAF78906-3E25-4745-A237-73B2E89B1328}.Release|Any CPU.ActiveCfg = Release|Any CPU
		{FAF78906-3E25-4745-A237-73B2E89B1328}.Release|Any CPU.Build.0 = Release|Any CPU
		{E6259B07-66CB-423C-97FC-B7B8135FB44E}.Debug|Any CPU.ActiveCfg = Debug|Any CPU
		{E6259B07-66CB-423C-97FC-B7B8135FB44E}.Debug|Any CPU.Build.0 = Debug|Any CPU
		{E6259B07-66CB-423C-97FC-B7B8135FB44E}.Release|Any CPU.ActiveCfg = Release|Any CPU
		{E6259B07-66CB-423C-97FC-B7B8135FB44E}.Release|Any CPU.Build.0 = Release|Any CPU
		{67B43CF8-294D-48CC-854B-47CB5A9A85B9}.Debug|Any CPU.ActiveCfg = Debug|Any CPU
		{67B43CF8-294D-48CC-854B-47CB5A9A85B9}.Debug|Any CPU.Build.0 = Debug|Any CPU
		{67B43CF8-294D-48CC-854B-47CB5A9A85B9}.Release|Any CPU.ActiveCfg = Release|Any CPU
		{67B43CF8-294D-48CC-854B-47CB5A9A85B9}.Release|Any CPU.Build.0 = Release|Any CPU
		{E12BA52D-F5AE-45C7-90EF-DBE5FB89EE51}.Debug|Any CPU.ActiveCfg = Debug|Any CPU
		{E12BA52D-F5AE-45C7-90EF-DBE5FB89EE51}.Debug|Any CPU.Build.0 = Debug|Any CPU
		{E12BA52D-F5AE-45C7-90EF-DBE5FB89EE51}.Release|Any CPU.ActiveCfg = Release|Any CPU
		{E12BA52D-F5AE-45C7-90EF-DBE5FB89EE51}.Release|Any CPU.Build.0 = Release|Any CPU
		{FE4243F5-9C58-48C8-B5CD-708C4566AF21}.Debug|Any CPU.ActiveCfg = Debug|Any CPU
		{FE4243F5-9C58-48C8-B5CD-708C4566AF21}.Debug|Any CPU.Build.0 = Debug|Any CPU
		{FE4243F5-9C58-48C8-B5CD-708C4566AF21}.Release|Any CPU.ActiveCfg = Release|Any CPU
		{FE4243F5-9C58-48C8-B5CD-708C4566AF21}.Release|Any CPU.Build.0 = Release|Any CPU
		{F46D664E-854D-4350-8003-6944ECA88B6D}.Debug|Any CPU.ActiveCfg = Debug|Any CPU
		{F46D664E-854D-4350-8003-6944ECA88B6D}.Debug|Any CPU.Build.0 = Debug|Any CPU
		{F46D664E-854D-4350-8003-6944ECA88B6D}.Release|Any CPU.ActiveCfg = Release|Any CPU
		{F46D664E-854D-4350-8003-6944ECA88B6D}.Release|Any CPU.Build.0 = Release|Any CPU
	EndGlobalSection
	GlobalSection(SolutionProperties) = preSolution
		HideSolutionNode = FALSE
	EndGlobalSection
	GlobalSection(ExtensibilityGlobals) = postSolution
		SolutionGuid = {97F8AA2D-C4EB-4E0A-A54E-3E3509FB2FE7}
	EndGlobalSection
EndGlobal
