
Microsoft Visual Studio Solution File, Format Version 12.00
# Visual Studio Version 16
VisualStudioVersion = 16.0.30011.22
MinimumVisualStudioVersion = 10.0.40219.1
Project("{9A19103F-16F7-4668-BE54-9A1E7A4F7556}") = "Dishwasher", "Dishwasher\Dishwasher.csproj", "{D0647C0D-2AA6-4078-B8C9-3C4D68B94FB4}"
EndProject
Project("{FAE04EC0-301F-11D3-BF4B-00C04F79EFBC}") = "ReportSystem", "ReportSystem\ReportSystem.csproj", "{A884CE9C-F697-446A-8857-D24F9BBD72C9}"
EndProject
Global
	GlobalSection(SolutionConfigurationPlatforms) = preSolution
		Debug|Any CPU = Debug|Any CPU
		Release|Any CPU = Release|Any CPU
	EndGlobalSection
	GlobalSection(ProjectConfigurationPlatforms) = postSolution
		{D0647C0D-2AA6-4078-B8C9-3C4D68B94FB4}.Debug|Any CPU.ActiveCfg = Debug|Any CPU
		{D0647C0D-2AA6-4078-B8C9-3C4D68B94FB4}.Debug|Any CPU.Build.0 = Debug|Any CPU
		{D0647C0D-2AA6-4078-B8C9-3C4D68B94FB4}.Release|Any CPU.ActiveCfg = Release|Any CPU
		{D0647C0D-2AA6-4078-B8C9-3C4D68B94FB4}.Release|Any CPU.Build.0 = Release|Any CPU
		{A884CE9C-F697-446A-8857-D24F9BBD72C9}.Debug|Any CPU.ActiveCfg = Debug|Any CPU
		{A884CE9C-F697-446A-8857-D24F9BBD72C9}.Debug|Any CPU.Build.0 = Debug|Any CPU
		{A884CE9C-F697-446A-8857-D24F9BBD72C9}.Release|Any CPU.ActiveCfg = Release|Any CPU
		{A884CE9C-F697-446A-8857-D24F9BBD72C9}.Release|Any CPU.Build.0 = Release|Any CPU
	EndGlobalSection
	GlobalSection(SolutionProperties) = preSolution
		HideSolutionNode = FALSE
	EndGlobalSection
	GlobalSection(ExtensibilityGlobals) = postSolution
		SolutionGuid = {141E366B-41F2-436C-B3A8-4065C75FC074}
	EndGlobalSection
EndGlobal
