
Microsoft Visual Studio Solution File, Format Version 12.00
# Visual Studio Version 16
VisualStudioVersion = 16.0.31025.194
MinimumVisualStudioVersion = 10.0.40219.1
Project("{FAE04EC0-301F-11D3-BF4B-00C04F79EFBC}") = "Shapes", "Shapes\Shapes.csproj", "{4948339A-F60D-41A2-A800-9A7D21B43393}"
EndProject
Global
	GlobalSection(SolutionConfigurationPlatforms) = preSolution
		Debug|Any CPU = Debug|Any CPU
		Release|Any CPU = Release|Any CPU
	EndGlobalSection
	GlobalSection(ProjectConfigurationPlatforms) = postSolution
		{4948339A-F60D-41A2-A800-9A7D21B43393}.Debug|Any CPU.ActiveCfg = Debug|Any CPU
		{4948339A-F60D-41A2-A800-9A7D21B43393}.Debug|Any CPU.Build.0 = Debug|Any CPU
		{4948339A-F60D-41A2-A800-9A7D21B43393}.Release|Any CPU.ActiveCfg = Release|Any CPU
		{4948339A-F60D-41A2-A800-9A7D21B43393}.Release|Any CPU.Build.0 = Release|Any CPU
	EndGlobalSection
	GlobalSection(SolutionProperties) = preSolution
		HideSolutionNode = FALSE
	EndGlobalSection
	GlobalSection(ExtensibilityGlobals) = postSolution
		SolutionGuid = {B0FDC160-04FE-4FC0-A304-F445A6BD89D7}
	EndGlobalSection
EndGlobal
