
Microsoft Visual Studio Solution File, Format Version 12.00
# Visual Studio Version 16
VisualStudioVersion = 16.0.30011.22
MinimumVisualStudioVersion = 10.0.40219.1
Project("{FAE04EC0-301F-11D3-BF4B-00C04F79EFBC}") = "PrimeNonPrime", "PrimeNonPrime\PrimeNonPrime.csproj", "{58488063-F42B-4919-A78A-491C94BFFF6E}"
EndProject
Project("{FAE04EC0-301F-11D3-BF4B-00C04F79EFBC}") = "PasswordGenerator", "PasswordGenerator\PasswordGenerator.csproj", "{3A710B64-CDD7-4FFB-8334-6B2D1D0C45FF}"
EndProject
Project("{FAE04EC0-301F-11D3-BF4B-00C04F79EFBC}") = "TrainTheTrainers", "TrainTheTrainers\TrainTheTrainers.csproj", "{0CB0C50B-7930-4742-93C4-1B2E5280391A}"
EndProject
Project("{FAE04EC0-301F-11D3-BF4B-00C04F79EFBC}") = "SpecialNumbers", "SpecialNumbers\SpecialNumbers.csproj", "{195375A6-C783-4F35-A6E6-8A58E5FDDE7F}"
EndProject
Project("{FAE04EC0-301F-11D3-BF4B-00C04F79EFBC}") = "Pyramid", "Pyramid\Pyramid.csproj", "{0AEF350D-2A45-43BA-9AE0-4C723D17A354}"
EndProject
Global
	GlobalSection(SolutionConfigurationPlatforms) = preSolution
		Debug|Any CPU = Debug|Any CPU
		Release|Any CPU = Release|Any CPU
	EndGlobalSection
	GlobalSection(ProjectConfigurationPlatforms) = postSolution
		{58488063-F42B-4919-A78A-491C94BFFF6E}.Debug|Any CPU.ActiveCfg = Debug|Any CPU
		{58488063-F42B-4919-A78A-491C94BFFF6E}.Debug|Any CPU.Build.0 = Debug|Any CPU
		{58488063-F42B-4919-A78A-491C94BFFF6E}.Release|Any CPU.ActiveCfg = Release|Any CPU
		{58488063-F42B-4919-A78A-491C94BFFF6E}.Release|Any CPU.Build.0 = Release|Any CPU
		{3A710B64-CDD7-4FFB-8334-6B2D1D0C45FF}.Debug|Any CPU.ActiveCfg = Debug|Any CPU
		{3A710B64-CDD7-4FFB-8334-6B2D1D0C45FF}.Debug|Any CPU.Build.0 = Debug|Any CPU
		{3A710B64-CDD7-4FFB-8334-6B2D1D0C45FF}.Release|Any CPU.ActiveCfg = Release|Any CPU
		{3A710B64-CDD7-4FFB-8334-6B2D1D0C45FF}.Release|Any CPU.Build.0 = Release|Any CPU
		{0CB0C50B-7930-4742-93C4-1B2E5280391A}.Debug|Any CPU.ActiveCfg = Debug|Any CPU
		{0CB0C50B-7930-4742-93C4-1B2E5280391A}.Debug|Any CPU.Build.0 = Debug|Any CPU
		{0CB0C50B-7930-4742-93C4-1B2E5280391A}.Release|Any CPU.ActiveCfg = Release|Any CPU
		{0CB0C50B-7930-4742-93C4-1B2E5280391A}.Release|Any CPU.Build.0 = Release|Any CPU
		{195375A6-C783-4F35-A6E6-8A58E5FDDE7F}.Debug|Any CPU.ActiveCfg = Debug|Any CPU
		{195375A6-C783-4F35-A6E6-8A58E5FDDE7F}.Debug|Any CPU.Build.0 = Debug|Any CPU
		{195375A6-C783-4F35-A6E6-8A58E5FDDE7F}.Release|Any CPU.ActiveCfg = Release|Any CPU
		{195375A6-C783-4F35-A6E6-8A58E5FDDE7F}.Release|Any CPU.Build.0 = Release|Any CPU
		{0AEF350D-2A45-43BA-9AE0-4C723D17A354}.Debug|Any CPU.ActiveCfg = Debug|Any CPU
		{0AEF350D-2A45-43BA-9AE0-4C723D17A354}.Debug|Any CPU.Build.0 = Debug|Any CPU
		{0AEF350D-2A45-43BA-9AE0-4C723D17A354}.Release|Any CPU.ActiveCfg = Release|Any CPU
		{0AEF350D-2A45-43BA-9AE0-4C723D17A354}.Release|Any CPU.Build.0 = Release|Any CPU
	EndGlobalSection
	GlobalSection(SolutionProperties) = preSolution
		HideSolutionNode = FALSE
	EndGlobalSection
	GlobalSection(ExtensibilityGlobals) = postSolution
		SolutionGuid = {7BE78DCA-5AA5-44FA-A14A-04DA641A67DE}
	EndGlobalSection
EndGlobal
