
Microsoft Visual Studio Solution File, Format Version 12.00
# Visual Studio Version 16
VisualStudioVersion = 16.0.30804.86
MinimumVisualStudioVersion = 10.0.40219.1
Project("{9A19103F-16F7-4668-BE54-9A1E7A4F7556}") = "01.ActivationKeys", "ExamPreparation\01.ActivationKeys.csproj", "{DE243A99-FDA6-41E1-A082-A1E514C5E3BF}"
EndProject
Project("{9A19103F-16F7-4668-BE54-9A1E7A4F7556}") = "02.EmojiDetector", "02.EmojiDetector\02.EmojiDetector.csproj", "{BB85B142-D6DC-4A90-A8ED-ACFD785DFF4A}"
EndProject
Project("{9A19103F-16F7-4668-BE54-9A1E7A4F7556}") = "03.Pirates", "03.Pirates\03.Pirates.csproj", "{AEEF2A7D-3DC9-4B2B-9BCC-CEA171BFC4C3}"
EndProject
Project("{9A19103F-16F7-4668-BE54-9A1E7A4F7556}") = "04.1.PasswordReset", "04.1.PasswordReset\04.1.PasswordReset.csproj", "{7DB6F92A-2529-4F54-BCD1-69829AFEB37D}"
EndProject
Project("{9A19103F-16F7-4668-BE54-9A1E7A4F7556}") = "05.2.FancyBarcodes", "05.2.FancyBarcodes\05.2.FancyBarcodes.csproj", "{AE9CF8C0-12D7-413B-9065-F04EE3F48C80}"
EndProject
Project("{9A19103F-16F7-4668-BE54-9A1E7A4F7556}") = "06.3.HeroesOfCodeAndLogicVII", "06.3.HeroesOfCodeAndLogicVII\06.3.HeroesOfCodeAndLogicVII.csproj", "{204F8E5B-4E78-49AD-8299-0422160ECF63}"
EndProject
Project("{9A19103F-16F7-4668-BE54-9A1E7A4F7556}") = "M.03.HeartDelivery", "00.03.HeartDelivery\M.03.HeartDelivery.csproj", "{99D1E859-5886-47A3-BBCC-5E4B047731A6}"
EndProject
Project("{9A19103F-16F7-4668-BE54-9A1E7A4F7556}") = "ConsoleApp1", "ConsoleApp1\ConsoleApp1.csproj", "{3697B91A-BE6C-4CCF-B20D-6BAB1E1FF59F}"
EndProject
Project("{9A19103F-16F7-4668-BE54-9A1E7A4F7556}") = "R.01.SecretChat", "R.01.SecretChat\R.01.SecretChat.csproj", "{37E3134B-104E-4FF0-B1C8-2CE33FD54A21}"
EndProject
Project("{9A19103F-16F7-4668-BE54-9A1E7A4F7556}") = "R.02.MirrorWords", "R.02.MirrorWords\R.02.MirrorWords.csproj", "{F8BFF826-A47F-4AC1-878E-15F5505D7CD1}"
EndProject
Project("{9A19103F-16F7-4668-BE54-9A1E7A4F7556}") = "R.03.NeedForSpeedIII", "R.03.NeedForSpeedIII\R.03.NeedForSpeedIII.csproj", "{3756D630-092F-41B6-9CEB-FAB1902FD195}"
EndProject
Project("{9A19103F-16F7-4668-BE54-9A1E7A4F7556}") = "RR.01.TheImitationGame", "RR.01.TheImitationGame\RR.01.TheImitationGame.csproj", "{E2839B60-513C-45AD-9429-AF99B14B3322}"
EndProject
Project("{9A19103F-16F7-4668-BE54-9A1E7A4F7556}") = "RR.02.AdAstra", "RR.02.AdAstra\RR.02.AdAstra.csproj", "{9101E335-FE57-4F52-AC23-9B1F744EA3B8}"
EndProject
Project("{9A19103F-16F7-4668-BE54-9A1E7A4F7556}") = "RR.03.ThePianist", "RR.03.ThePianist\RR.03.ThePianist.csproj", "{2EB06C00-FB94-41D7-BB75-825865527FF6}"
EndProject
Project("{FAE04EC0-301F-11D3-BF4B-00C04F79EFBC}") = "F.01.WorldTour", "F.01.WorldTour\F.01.WorldTour.csproj", "{F07E943F-4F08-449F-9F90-E8A9735F4F8F}"
EndProject
Project("{FAE04EC0-301F-11D3-BF4B-00C04F79EFBC}") = "F.02.DestinationMapper", "F.02.DestinationMapper\F.02.DestinationMapper.csproj", "{5A3C74B7-2B4A-4855-A85F-C1E287897CA7}"
EndProject
Project("{FAE04EC0-301F-11D3-BF4B-00C04F79EFBC}") = "F.03.PlantDiscovery", "F.03.PlantDiscovery\F.03.PlantDiscovery.csproj", "{DA857942-752C-415C-BDC6-E530DE48B3A6}"
EndProject
Global
	GlobalSection(SolutionConfigurationPlatforms) = preSolution
		Debug|Any CPU = Debug|Any CPU
		Release|Any CPU = Release|Any CPU
	EndGlobalSection
	GlobalSection(ProjectConfigurationPlatforms) = postSolution
		{DE243A99-FDA6-41E1-A082-A1E514C5E3BF}.Debug|Any CPU.ActiveCfg = Debug|Any CPU
		{DE243A99-FDA6-41E1-A082-A1E514C5E3BF}.Debug|Any CPU.Build.0 = Debug|Any CPU
		{DE243A99-FDA6-41E1-A082-A1E514C5E3BF}.Release|Any CPU.ActiveCfg = Release|Any CPU
		{DE243A99-FDA6-41E1-A082-A1E514C5E3BF}.Release|Any CPU.Build.0 = Release|Any CPU
		{BB85B142-D6DC-4A90-A8ED-ACFD785DFF4A}.Debug|Any CPU.ActiveCfg = Debug|Any CPU
		{BB85B142-D6DC-4A90-A8ED-ACFD785DFF4A}.Debug|Any CPU.Build.0 = Debug|Any CPU
		{BB85B142-D6DC-4A90-A8ED-ACFD785DFF4A}.Release|Any CPU.ActiveCfg = Release|Any CPU
		{BB85B142-D6DC-4A90-A8ED-ACFD785DFF4A}.Release|Any CPU.Build.0 = Release|Any CPU
		{AEEF2A7D-3DC9-4B2B-9BCC-CEA171BFC4C3}.Debug|Any CPU.ActiveCfg = Debug|Any CPU
		{AEEF2A7D-3DC9-4B2B-9BCC-CEA171BFC4C3}.Debug|Any CPU.Build.0 = Debug|Any CPU
		{AEEF2A7D-3DC9-4B2B-9BCC-CEA171BFC4C3}.Release|Any CPU.ActiveCfg = Release|Any CPU
		{AEEF2A7D-3DC9-4B2B-9BCC-CEA171BFC4C3}.Release|Any CPU.Build.0 = Release|Any CPU
		{7DB6F92A-2529-4F54-BCD1-69829AFEB37D}.Debug|Any CPU.ActiveCfg = Debug|Any CPU
		{7DB6F92A-2529-4F54-BCD1-69829AFEB37D}.Debug|Any CPU.Build.0 = Debug|Any CPU
		{7DB6F92A-2529-4F54-BCD1-69829AFEB37D}.Release|Any CPU.ActiveCfg = Release|Any CPU
		{7DB6F92A-2529-4F54-BCD1-69829AFEB37D}.Release|Any CPU.Build.0 = Release|Any CPU
		{AE9CF8C0-12D7-413B-9065-F04EE3F48C80}.Debug|Any CPU.ActiveCfg = Debug|Any CPU
		{AE9CF8C0-12D7-413B-9065-F04EE3F48C80}.Debug|Any CPU.Build.0 = Debug|Any CPU
		{AE9CF8C0-12D7-413B-9065-F04EE3F48C80}.Release|Any CPU.ActiveCfg = Release|Any CPU
		{AE9CF8C0-12D7-413B-9065-F04EE3F48C80}.Release|Any CPU.Build.0 = Release|Any CPU
		{204F8E5B-4E78-49AD-8299-0422160ECF63}.Debug|Any CPU.ActiveCfg = Debug|Any CPU
		{204F8E5B-4E78-49AD-8299-0422160ECF63}.Debug|Any CPU.Build.0 = Debug|Any CPU
		{204F8E5B-4E78-49AD-8299-0422160ECF63}.Release|Any CPU.ActiveCfg = Release|Any CPU
		{204F8E5B-4E78-49AD-8299-0422160ECF63}.Release|Any CPU.Build.0 = Release|Any CPU
		{99D1E859-5886-47A3-BBCC-5E4B047731A6}.Debug|Any CPU.ActiveCfg = Debug|Any CPU
		{99D1E859-5886-47A3-BBCC-5E4B047731A6}.Debug|Any CPU.Build.0 = Debug|Any CPU
		{99D1E859-5886-47A3-BBCC-5E4B047731A6}.Release|Any CPU.ActiveCfg = Release|Any CPU
		{99D1E859-5886-47A3-BBCC-5E4B047731A6}.Release|Any CPU.Build.0 = Release|Any CPU
		{3697B91A-BE6C-4CCF-B20D-6BAB1E1FF59F}.Debug|Any CPU.ActiveCfg = Debug|Any CPU
		{3697B91A-BE6C-4CCF-B20D-6BAB1E1FF59F}.Debug|Any CPU.Build.0 = Debug|Any CPU
		{3697B91A-BE6C-4CCF-B20D-6BAB1E1FF59F}.Release|Any CPU.ActiveCfg = Release|Any CPU
		{3697B91A-BE6C-4CCF-B20D-6BAB1E1FF59F}.Release|Any CPU.Build.0 = Release|Any CPU
		{37E3134B-104E-4FF0-B1C8-2CE33FD54A21}.Debug|Any CPU.ActiveCfg = Debug|Any CPU
		{37E3134B-104E-4FF0-B1C8-2CE33FD54A21}.Debug|Any CPU.Build.0 = Debug|Any CPU
		{37E3134B-104E-4FF0-B1C8-2CE33FD54A21}.Release|Any CPU.ActiveCfg = Release|Any CPU
		{37E3134B-104E-4FF0-B1C8-2CE33FD54A21}.Release|Any CPU.Build.0 = Release|Any CPU
		{F8BFF826-A47F-4AC1-878E-15F5505D7CD1}.Debug|Any CPU.ActiveCfg = Debug|Any CPU
		{F8BFF826-A47F-4AC1-878E-15F5505D7CD1}.Debug|Any CPU.Build.0 = Debug|Any CPU
		{F8BFF826-A47F-4AC1-878E-15F5505D7CD1}.Release|Any CPU.ActiveCfg = Release|Any CPU
		{F8BFF826-A47F-4AC1-878E-15F5505D7CD1}.Release|Any CPU.Build.0 = Release|Any CPU
		{3756D630-092F-41B6-9CEB-FAB1902FD195}.Debug|Any CPU.ActiveCfg = Debug|Any CPU
		{3756D630-092F-41B6-9CEB-FAB1902FD195}.Debug|Any CPU.Build.0 = Debug|Any CPU
		{3756D630-092F-41B6-9CEB-FAB1902FD195}.Release|Any CPU.ActiveCfg = Release|Any CPU
		{3756D630-092F-41B6-9CEB-FAB1902FD195}.Release|Any CPU.Build.0 = Release|Any CPU
		{E2839B60-513C-45AD-9429-AF99B14B3322}.Debug|Any CPU.ActiveCfg = Debug|Any CPU
		{E2839B60-513C-45AD-9429-AF99B14B3322}.Debug|Any CPU.Build.0 = Debug|Any CPU
		{E2839B60-513C-45AD-9429-AF99B14B3322}.Release|Any CPU.ActiveCfg = Release|Any CPU
		{E2839B60-513C-45AD-9429-AF99B14B3322}.Release|Any CPU.Build.0 = Release|Any CPU
		{9101E335-FE57-4F52-AC23-9B1F744EA3B8}.Debug|Any CPU.ActiveCfg = Debug|Any CPU
		{9101E335-FE57-4F52-AC23-9B1F744EA3B8}.Debug|Any CPU.Build.0 = Debug|Any CPU
		{9101E335-FE57-4F52-AC23-9B1F744EA3B8}.Release|Any CPU.ActiveCfg = Release|Any CPU
		{9101E335-FE57-4F52-AC23-9B1F744EA3B8}.Release|Any CPU.Build.0 = Release|Any CPU
		{2EB06C00-FB94-41D7-BB75-825865527FF6}.Debug|Any CPU.ActiveCfg = Debug|Any CPU
		{2EB06C00-FB94-41D7-BB75-825865527FF6}.Debug|Any CPU.Build.0 = Debug|Any CPU
		{2EB06C00-FB94-41D7-BB75-825865527FF6}.Release|Any CPU.ActiveCfg = Release|Any CPU
		{2EB06C00-FB94-41D7-BB75-825865527FF6}.Release|Any CPU.Build.0 = Release|Any CPU
		{F07E943F-4F08-449F-9F90-E8A9735F4F8F}.Debug|Any CPU.ActiveCfg = Debug|Any CPU
		{F07E943F-4F08-449F-9F90-E8A9735F4F8F}.Debug|Any CPU.Build.0 = Debug|Any CPU
		{F07E943F-4F08-449F-9F90-E8A9735F4F8F}.Release|Any CPU.ActiveCfg = Release|Any CPU
		{F07E943F-4F08-449F-9F90-E8A9735F4F8F}.Release|Any CPU.Build.0 = Release|Any CPU
		{5A3C74B7-2B4A-4855-A85F-C1E287897CA7}.Debug|Any CPU.ActiveCfg = Debug|Any CPU
		{5A3C74B7-2B4A-4855-A85F-C1E287897CA7}.Debug|Any CPU.Build.0 = Debug|Any CPU
		{5A3C74B7-2B4A-4855-A85F-C1E287897CA7}.Release|Any CPU.ActiveCfg = Release|Any CPU
		{5A3C74B7-2B4A-4855-A85F-C1E287897CA7}.Release|Any CPU.Build.0 = Release|Any CPU
		{DA857942-752C-415C-BDC6-E530DE48B3A6}.Debug|Any CPU.ActiveCfg = Debug|Any CPU
		{DA857942-752C-415C-BDC6-E530DE48B3A6}.Debug|Any CPU.Build.0 = Debug|Any CPU
		{DA857942-752C-415C-BDC6-E530DE48B3A6}.Release|Any CPU.ActiveCfg = Release|Any CPU
		{DA857942-752C-415C-BDC6-E530DE48B3A6}.Release|Any CPU.Build.0 = Release|Any CPU
	EndGlobalSection
	GlobalSection(SolutionProperties) = preSolution
		HideSolutionNode = FALSE
	EndGlobalSection
	GlobalSection(ExtensibilityGlobals) = postSolution
		SolutionGuid = {8778E08F-F3E3-440D-B941-16A9915A5214}
	EndGlobalSection
EndGlobal
