
Microsoft Visual Studio Solution File, Format Version 12.00
# Visual Studio Version 16
VisualStudioVersion = 16.0.31105.61
MinimumVisualStudioVersion = 10.0.40219.1
Project("{9A19103F-16F7-4668-BE54-9A1E7A4F7556}") = "Vehicles", "Vehicles\Vehicles.csproj", "{36005C43-4A6A-4230-A11E-CE4E1971FE2B}"
EndProject
Project("{9A19103F-16F7-4668-BE54-9A1E7A4F7556}") = "Vehiclee", "Vehiclee\Vehiclee.csproj", "{D64CEC6A-4B38-448E-B6AD-87137E8E027A}"
EndProject
Project("{FAE04EC0-301F-11D3-BF4B-00C04F79EFBC}") = "Raiding", "Raiding\Raiding.csproj", "{AA44D46B-8227-41F6-970F-9032A2804443}"
EndProject
Project("{FAE04EC0-301F-11D3-BF4B-00C04F79EFBC}") = "WildFarm", "WildFarm\WildFarm.csproj", "{B1B008AE-0B32-40BF-8C2C-3EF276A345B0}"
EndProject
Global
	GlobalSection(SolutionConfigurationPlatforms) = preSolution
		Debug|Any CPU = Debug|Any CPU
		Release|Any CPU = Release|Any CPU
	EndGlobalSection
	GlobalSection(ProjectConfigurationPlatforms) = postSolution
		{36005C43-4A6A-4230-A11E-CE4E1971FE2B}.Debug|Any CPU.ActiveCfg = Debug|Any CPU
		{36005C43-4A6A-4230-A11E-CE4E1971FE2B}.Debug|Any CPU.Build.0 = Debug|Any CPU
		{36005C43-4A6A-4230-A11E-CE4E1971FE2B}.Release|Any CPU.ActiveCfg = Release|Any CPU
		{36005C43-4A6A-4230-A11E-CE4E1971FE2B}.Release|Any CPU.Build.0 = Release|Any CPU
		{D64CEC6A-4B38-448E-B6AD-87137E8E027A}.Debug|Any CPU.ActiveCfg = Debug|Any CPU
		{D64CEC6A-4B38-448E-B6AD-87137E8E027A}.Debug|Any CPU.Build.0 = Debug|Any CPU
		{D64CEC6A-4B38-448E-B6AD-87137E8E027A}.Release|Any CPU.ActiveCfg = Release|Any CPU
		{D64CEC6A-4B38-448E-B6AD-87137E8E027A}.Release|Any CPU.Build.0 = Release|Any CPU
		{AA44D46B-8227-41F6-970F-9032A2804443}.Debug|Any CPU.ActiveCfg = Debug|Any CPU
		{AA44D46B-8227-41F6-970F-9032A2804443}.Debug|Any CPU.Build.0 = Debug|Any CPU
		{AA44D46B-8227-41F6-970F-9032A2804443}.Release|Any CPU.ActiveCfg = Release|Any CPU
		{AA44D46B-8227-41F6-970F-9032A2804443}.Release|Any CPU.Build.0 = Release|Any CPU
		{B1B008AE-0B32-40BF-8C2C-3EF276A345B0}.Debug|Any CPU.ActiveCfg = Debug|Any CPU
		{B1B008AE-0B32-40BF-8C2C-3EF276A345B0}.Debug|Any CPU.Build.0 = Debug|Any CPU
		{B1B008AE-0B32-40BF-8C2C-3EF276A345B0}.Release|Any CPU.ActiveCfg = Release|Any CPU
		{B1B008AE-0B32-40BF-8C2C-3EF276A345B0}.Release|Any CPU.Build.0 = Release|Any CPU
	EndGlobalSection
	GlobalSection(SolutionProperties) = preSolution
		HideSolutionNode = FALSE
	EndGlobalSection
	GlobalSection(ExtensibilityGlobals) = postSolution
		SolutionGuid = {18109DE0-F2B6-495C-9D0E-ACF2E463BBA5}
	EndGlobalSection
EndGlobal
