
Microsoft Visual Studio Solution File, Format Version 12.00
# Visual Studio Version 16
VisualStudioVersion = 16.0.30011.22
MinimumVisualStudioVersion = 10.0.40219.1
Project("{9A19103F-16F7-4668-BE54-9A1E7A4F7556}") = "PinCodes", "PinCodes\PinCodes.csproj", "{1ED792C2-7BAC-4050-9E75-850C6D2D4179}"
EndProject
Project("{9A19103F-16F7-4668-BE54-9A1E7A4F7556}") = "LettersCombination", "LettersCombination\LettersCombination.csproj", "{42FF71FF-424B-476E-9FBD-0A597200C4C8}"
EndProject
Project("{9A19103F-16F7-4668-BE54-9A1E7A4F7556}") = "LuckyNumbers", "LuckyNumbers\LuckyNumbers.csproj", "{908D5892-BD4E-4176-B105-F9680161FA0E}"
EndProject
Project("{9A19103F-16F7-4668-BE54-9A1E7A4F7556}") = "CarPlate", "CarPlate\CarPlate.csproj", "{6FD6D063-C942-4F70-BFCE-946F4F9A414B}"
EndProject
Project("{9A19103F-16F7-4668-BE54-9A1E7A4F7556}") = "TinderChallenge", "TinderChallenge\TinderChallenge.csproj", "{E76E5653-D4C2-4D27-AB7B-F0A78B2CF418}"
EndProject
Project("{9A19103F-16F7-4668-BE54-9A1E7A4F7556}") = "WeddingSeats", "WeddingSeats\WeddingSeats.csproj", "{94D0B3BE-6051-49C6-BBBE-7C1437D15150}"
EndProject
Project("{FAE04EC0-301F-11D3-BF4B-00C04F79EFBC}") = "SecretDoorLock", "SecretDoorLock\SecretDoorLock.csproj", "{4326977A-59C3-4FEC-81F0-21A9163488FE}"
EndProject
Global
	GlobalSection(SolutionConfigurationPlatforms) = preSolution
		Debug|Any CPU = Debug|Any CPU
		Release|Any CPU = Release|Any CPU
	EndGlobalSection
	GlobalSection(ProjectConfigurationPlatforms) = postSolution
		{1ED792C2-7BAC-4050-9E75-850C6D2D4179}.Debug|Any CPU.ActiveCfg = Debug|Any CPU
		{1ED792C2-7BAC-4050-9E75-850C6D2D4179}.Debug|Any CPU.Build.0 = Debug|Any CPU
		{1ED792C2-7BAC-4050-9E75-850C6D2D4179}.Release|Any CPU.ActiveCfg = Release|Any CPU
		{1ED792C2-7BAC-4050-9E75-850C6D2D4179}.Release|Any CPU.Build.0 = Release|Any CPU
		{42FF71FF-424B-476E-9FBD-0A597200C4C8}.Debug|Any CPU.ActiveCfg = Debug|Any CPU
		{42FF71FF-424B-476E-9FBD-0A597200C4C8}.Debug|Any CPU.Build.0 = Debug|Any CPU
		{42FF71FF-424B-476E-9FBD-0A597200C4C8}.Release|Any CPU.ActiveCfg = Release|Any CPU
		{42FF71FF-424B-476E-9FBD-0A597200C4C8}.Release|Any CPU.Build.0 = Release|Any CPU
		{908D5892-BD4E-4176-B105-F9680161FA0E}.Debug|Any CPU.ActiveCfg = Debug|Any CPU
		{908D5892-BD4E-4176-B105-F9680161FA0E}.Debug|Any CPU.Build.0 = Debug|Any CPU
		{908D5892-BD4E-4176-B105-F9680161FA0E}.Release|Any CPU.ActiveCfg = Release|Any CPU
		{908D5892-BD4E-4176-B105-F9680161FA0E}.Release|Any CPU.Build.0 = Release|Any CPU
		{6FD6D063-C942-4F70-BFCE-946F4F9A414B}.Debug|Any CPU.ActiveCfg = Debug|Any CPU
		{6FD6D063-C942-4F70-BFCE-946F4F9A414B}.Debug|Any CPU.Build.0 = Debug|Any CPU
		{6FD6D063-C942-4F70-BFCE-946F4F9A414B}.Release|Any CPU.ActiveCfg = Release|Any CPU
		{6FD6D063-C942-4F70-BFCE-946F4F9A414B}.Release|Any CPU.Build.0 = Release|Any CPU
		{E76E5653-D4C2-4D27-AB7B-F0A78B2CF418}.Debug|Any CPU.ActiveCfg = Debug|Any CPU
		{E76E5653-D4C2-4D27-AB7B-F0A78B2CF418}.Debug|Any CPU.Build.0 = Debug|Any CPU
		{E76E5653-D4C2-4D27-AB7B-F0A78B2CF418}.Release|Any CPU.ActiveCfg = Release|Any CPU
		{E76E5653-D4C2-4D27-AB7B-F0A78B2CF418}.Release|Any CPU.Build.0 = Release|Any CPU
		{94D0B3BE-6051-49C6-BBBE-7C1437D15150}.Debug|Any CPU.ActiveCfg = Debug|Any CPU
		{94D0B3BE-6051-49C6-BBBE-7C1437D15150}.Debug|Any CPU.Build.0 = Debug|Any CPU
		{94D0B3BE-6051-49C6-BBBE-7C1437D15150}.Release|Any CPU.ActiveCfg = Release|Any CPU
		{94D0B3BE-6051-49C6-BBBE-7C1437D15150}.Release|Any CPU.Build.0 = Release|Any CPU
		{4326977A-59C3-4FEC-81F0-21A9163488FE}.Debug|Any CPU.ActiveCfg = Debug|Any CPU
		{4326977A-59C3-4FEC-81F0-21A9163488FE}.Debug|Any CPU.Build.0 = Debug|Any CPU
		{4326977A-59C3-4FEC-81F0-21A9163488FE}.Release|Any CPU.ActiveCfg = Release|Any CPU
		{4326977A-59C3-4FEC-81F0-21A9163488FE}.Release|Any CPU.Build.0 = Release|Any CPU
	EndGlobalSection
	GlobalSection(SolutionProperties) = preSolution
		HideSolutionNode = FALSE
	EndGlobalSection
	GlobalSection(ExtensibilityGlobals) = postSolution
		SolutionGuid = {1B0BF7CC-4A4B-463C-AD1D-E9D176159215}
	EndGlobalSection
EndGlobal
