
Microsoft Visual Studio Solution File, Format Version 12.00
# Visual Studio Version 16
VisualStudioVersion = 16.0.31105.61
MinimumVisualStudioVersion = 10.0.40219.1
Project("{FAE04EC0-301F-11D3-BF4B-00C04F79EFBC}") = "Operations", "MathOperations\Operations.csproj", "{99546105-57CF-4E52-A904-6B91BD4F36B2}"
EndProject
Project("{FAE04EC0-301F-11D3-BF4B-00C04F79EFBC}") = "Animals", "Animals\Animals.csproj", "{BAF22EEC-0BDB-43D7-9B32-0C7CDD2136D7}"
EndProject
Global
	GlobalSection(SolutionConfigurationPlatforms) = preSolution
		Debug|Any CPU = Debug|Any CPU
		Release|Any CPU = Release|Any CPU
	EndGlobalSection
	GlobalSection(ProjectConfigurationPlatforms) = postSolution
		{99546105-57CF-4E52-A904-6B91BD4F36B2}.Debug|Any CPU.ActiveCfg = Debug|Any CPU
		{99546105-57CF-4E52-A904-6B91BD4F36B2}.Debug|Any CPU.Build.0 = Debug|Any CPU
		{99546105-57CF-4E52-A904-6B91BD4F36B2}.Release|Any CPU.ActiveCfg = Release|Any CPU
		{99546105-57CF-4E52-A904-6B91BD4F36B2}.Release|Any CPU.Build.0 = Release|Any CPU
		{BAF22EEC-0BDB-43D7-9B32-0C7CDD2136D7}.Debug|Any CPU.ActiveCfg = Debug|Any CPU
		{BAF22EEC-0BDB-43D7-9B32-0C7CDD2136D7}.Debug|Any CPU.Build.0 = Debug|Any CPU
		{BAF22EEC-0BDB-43D7-9B32-0C7CDD2136D7}.Release|Any CPU.ActiveCfg = Release|Any CPU
		{BAF22EEC-0BDB-43D7-9B32-0C7CDD2136D7}.Release|Any CPU.Build.0 = Release|Any CPU
	EndGlobalSection
	GlobalSection(SolutionProperties) = preSolution
		HideSolutionNode = FALSE
	EndGlobalSection
	GlobalSection(ExtensibilityGlobals) = postSolution
		SolutionGuid = {0BC18B24-98E2-498B-A5CB-AD36B69477CE}
	EndGlobalSection
EndGlobal
