
Microsoft Visual Studio Solution File, Format Version 12.00
# Visual Studio Version 16
VisualStudioVersion = 16.0.30907.101
MinimumVisualStudioVersion = 10.0.40219.1
Project("{9A19103F-16F7-4668-BE54-9A1E7A4F7556}") = "01.GenericBoxOfString", "01.GenericBoxOfString\01.GenericBoxOfString.csproj", "{B46E810C-C329-4C67-838C-1CE49A7CC378}"
EndProject
Project("{9A19103F-16F7-4668-BE54-9A1E7A4F7556}") = "02.GenericBoxOfInteger", "02.GenericBoxOfInteger\02.GenericBoxOfInteger.csproj", "{078B3AF6-2B1A-49D7-BAB8-4916760C1E8E}"
EndProject
Project("{9A19103F-16F7-4668-BE54-9A1E7A4F7556}") = "03.GenericSwapMethodString", "03.GenericSwapMethodString\03.GenericSwapMethodString.csproj", "{F1BB6005-9882-44C9-8A69-DFD5F2FBDC13}"
EndProject
Project("{FAE04EC0-301F-11D3-BF4B-00C04F79EFBC}") = "04.GenericSwapMethodInteger", "04.GenericSwapMethodInteger\04.GenericSwapMethodInteger.csproj", "{8249B5B8-A7AE-4490-9114-E49063D3A229}"
EndProject
Global
	GlobalSection(SolutionConfigurationPlatforms) = preSolution
		Debug|Any CPU = Debug|Any CPU
		Release|Any CPU = Release|Any CPU
	EndGlobalSection
	GlobalSection(ProjectConfigurationPlatforms) = postSolution
		{B46E810C-C329-4C67-838C-1CE49A7CC378}.Debug|Any CPU.ActiveCfg = Debug|Any CPU
		{B46E810C-C329-4C67-838C-1CE49A7CC378}.Debug|Any CPU.Build.0 = Debug|Any CPU
		{B46E810C-C329-4C67-838C-1CE49A7CC378}.Release|Any CPU.ActiveCfg = Release|Any CPU
		{B46E810C-C329-4C67-838C-1CE49A7CC378}.Release|Any CPU.Build.0 = Release|Any CPU
		{078B3AF6-2B1A-49D7-BAB8-4916760C1E8E}.Debug|Any CPU.ActiveCfg = Debug|Any CPU
		{078B3AF6-2B1A-49D7-BAB8-4916760C1E8E}.Debug|Any CPU.Build.0 = Debug|Any CPU
		{078B3AF6-2B1A-49D7-BAB8-4916760C1E8E}.Release|Any CPU.ActiveCfg = Release|Any CPU
		{078B3AF6-2B1A-49D7-BAB8-4916760C1E8E}.Release|Any CPU.Build.0 = Release|Any CPU
		{F1BB6005-9882-44C9-8A69-DFD5F2FBDC13}.Debug|Any CPU.ActiveCfg = Debug|Any CPU
		{F1BB6005-9882-44C9-8A69-DFD5F2FBDC13}.Debug|Any CPU.Build.0 = Debug|Any CPU
		{F1BB6005-9882-44C9-8A69-DFD5F2FBDC13}.Release|Any CPU.ActiveCfg = Release|Any CPU
		{F1BB6005-9882-44C9-8A69-DFD5F2FBDC13}.Release|Any CPU.Build.0 = Release|Any CPU
		{8249B5B8-A7AE-4490-9114-E49063D3A229}.Debug|Any CPU.ActiveCfg = Debug|Any CPU
		{8249B5B8-A7AE-4490-9114-E49063D3A229}.Debug|Any CPU.Build.0 = Debug|Any CPU
		{8249B5B8-A7AE-4490-9114-E49063D3A229}.Release|Any CPU.ActiveCfg = Release|Any CPU
		{8249B5B8-A7AE-4490-9114-E49063D3A229}.Release|Any CPU.Build.0 = Release|Any CPU
	EndGlobalSection
	GlobalSection(SolutionProperties) = preSolution
		HideSolutionNode = FALSE
	EndGlobalSection
	GlobalSection(ExtensibilityGlobals) = postSolution
		SolutionGuid = {A074B0AB-859F-4E6D-B1B0-0161D4256F50}
	EndGlobalSection
EndGlobal
