
Microsoft Visual Studio Solution File, Format Version 12.00
# Visual Studio Version 16
VisualStudioVersion = 16.0.31129.286
MinimumVisualStudioVersion = 10.0.40219.1
Project("{9A19103F-16F7-4668-BE54-9A1E7A4F7556}") = "01.WarmWinter", "01.WarmWinter\01.WarmWinter.csproj", "{FA0498D8-6A9C-4A94-A8BA-523D41448172}"
EndProject
Project("{FAE04EC0-301F-11D3-BF4B-00C04F79EFBC}") = "02.SuperMario", "02.SuperMario\02.SuperMario.csproj", "{9FA5F0D2-1AFE-4B73-8585-5343B27D81CD}"
EndProject
Global
	GlobalSection(SolutionConfigurationPlatforms) = preSolution
		Debug|Any CPU = Debug|Any CPU
		Release|Any CPU = Release|Any CPU
	EndGlobalSection
	GlobalSection(ProjectConfigurationPlatforms) = postSolution
		{FA0498D8-6A9C-4A94-A8BA-523D41448172}.Debug|Any CPU.ActiveCfg = Debug|Any CPU
		{FA0498D8-6A9C-4A94-A8BA-523D41448172}.Debug|Any CPU.Build.0 = Debug|Any CPU
		{FA0498D8-6A9C-4A94-A8BA-523D41448172}.Release|Any CPU.ActiveCfg = Release|Any CPU
		{FA0498D8-6A9C-4A94-A8BA-523D41448172}.Release|Any CPU.Build.0 = Release|Any CPU
		{9FA5F0D2-1AFE-4B73-8585-5343B27D81CD}.Debug|Any CPU.ActiveCfg = Debug|Any CPU
		{9FA5F0D2-1AFE-4B73-8585-5343B27D81CD}.Debug|Any CPU.Build.0 = Debug|Any CPU
		{9FA5F0D2-1AFE-4B73-8585-5343B27D81CD}.Release|Any CPU.ActiveCfg = Release|Any CPU
		{9FA5F0D2-1AFE-4B73-8585-5343B27D81CD}.Release|Any CPU.Build.0 = Release|Any CPU
	EndGlobalSection
	GlobalSection(SolutionProperties) = preSolution
		HideSolutionNode = FALSE
	EndGlobalSection
	GlobalSection(ExtensibilityGlobals) = postSolution
		SolutionGuid = {7C0C2FB0-AA36-45E2-B335-4CCF2F177E44}
	EndGlobalSection
EndGlobal
