
Microsoft Visual Studio Solution File, Format Version 12.00
# Visual Studio Version 16
VisualStudioVersion = 16.0.29926.136
MinimumVisualStudioVersion = 10.0.40219.1
Project("{9A19103F-16F7-4668-BE54-9A1E7A4F7556}") = "Numbers1to100", "Numbers1to100\Numbers1to100.csproj", "{EF85AD3B-5A4D-4849-A41C-CFB212D824FE}"
EndProject
Project("{9A19103F-16F7-4668-BE54-9A1E7A4F7556}") = "NumbersNto1", "NumbersNto1\NumbersNto1.csproj", "{C43932B2-D9E4-4753-8A9A-52E2C43C4A6A}"
EndProject
Project("{9A19103F-16F7-4668-BE54-9A1E7A4F7556}") = "Numbs1toNbyStep", "Numbs1toNbyStep\Numbs1toNbyStep.csproj", "{71F7A1AF-C6A8-4A97-A880-CD49F2E1A487}"
EndProject
Project("{9A19103F-16F7-4668-BE54-9A1E7A4F7556}") = "EvenPowersOf2", "EvenPowersOf2\EvenPowersOf2.csproj", "{95E99AC3-C0BE-481C-AE16-8839577AFE3F}"
EndProject
Project("{9A19103F-16F7-4668-BE54-9A1E7A4F7556}") = "CharacterSequence", "CharacterSequence\CharacterSequence.csproj", "{8470495E-0ADD-4817-944F-709203873886}"
EndProject
Project("{9A19103F-16F7-4668-BE54-9A1E7A4F7556}") = "VowelsSum", "VowelsSum\VowelsSum.csproj", "{CF002948-D15D-4D34-B894-B03101E29F11}"
EndProject
Project("{9A19103F-16F7-4668-BE54-9A1E7A4F7556}") = "SumNumbers", "SumNumbers\SumNumbers.csproj", "{A3EAD6CD-F611-4187-BFDD-741914DA3480}"
EndProject
Project("{9A19103F-16F7-4668-BE54-9A1E7A4F7556}") = "NumberSequence", "NumberSequence\NumberSequence.csproj", "{B92D06E7-D60D-4D65-AA15-FCC4B9A8233C}"
EndProject
Project("{9A19103F-16F7-4668-BE54-9A1E7A4F7556}") = "LeftAndRightSum", "LeftAndRightSum\LeftAndRightSum.csproj", "{3517D769-493D-46DD-AC16-7B0197A5172A}"
EndProject
Project("{9A19103F-16F7-4668-BE54-9A1E7A4F7556}") = "OddEvenSum", "OddEvenSum\OddEvenSum.csproj", "{97737D48-6338-4633-A105-9A59B5D657F5}"
EndProject
Project("{FAE04EC0-301F-11D3-BF4B-00C04F79EFBC}") = "CleverLilly", "CleverLilly\CleverLilly.csproj", "{227C2D87-21F6-4695-9BE3-2FD429F8893E}"
EndProject
Global
	GlobalSection(SolutionConfigurationPlatforms) = preSolution
		Debug|Any CPU = Debug|Any CPU
		Release|Any CPU = Release|Any CPU
	EndGlobalSection
	GlobalSection(ProjectConfigurationPlatforms) = postSolution
		{EF85AD3B-5A4D-4849-A41C-CFB212D824FE}.Debug|Any CPU.ActiveCfg = Debug|Any CPU
		{EF85AD3B-5A4D-4849-A41C-CFB212D824FE}.Debug|Any CPU.Build.0 = Debug|Any CPU
		{EF85AD3B-5A4D-4849-A41C-CFB212D824FE}.Release|Any CPU.ActiveCfg = Release|Any CPU
		{EF85AD3B-5A4D-4849-A41C-CFB212D824FE}.Release|Any CPU.Build.0 = Release|Any CPU
		{C43932B2-D9E4-4753-8A9A-52E2C43C4A6A}.Debug|Any CPU.ActiveCfg = Debug|Any CPU
		{C43932B2-D9E4-4753-8A9A-52E2C43C4A6A}.Debug|Any CPU.Build.0 = Debug|Any CPU
		{C43932B2-D9E4-4753-8A9A-52E2C43C4A6A}.Release|Any CPU.ActiveCfg = Release|Any CPU
		{C43932B2-D9E4-4753-8A9A-52E2C43C4A6A}.Release|Any CPU.Build.0 = Release|Any CPU
		{71F7A1AF-C6A8-4A97-A880-CD49F2E1A487}.Debug|Any CPU.ActiveCfg = Debug|Any CPU
		{71F7A1AF-C6A8-4A97-A880-CD49F2E1A487}.Debug|Any CPU.Build.0 = Debug|Any CPU
		{71F7A1AF-C6A8-4A97-A880-CD49F2E1A487}.Release|Any CPU.ActiveCfg = Release|Any CPU
		{71F7A1AF-C6A8-4A97-A880-CD49F2E1A487}.Release|Any CPU.Build.0 = Release|Any CPU
		{95E99AC3-C0BE-481C-AE16-8839577AFE3F}.Debug|Any CPU.ActiveCfg = Debug|Any CPU
		{95E99AC3-C0BE-481C-AE16-8839577AFE3F}.Debug|Any CPU.Build.0 = Debug|Any CPU
		{95E99AC3-C0BE-481C-AE16-8839577AFE3F}.Release|Any CPU.ActiveCfg = Release|Any CPU
		{95E99AC3-C0BE-481C-AE16-8839577AFE3F}.Release|Any CPU.Build.0 = Release|Any CPU
		{8470495E-0ADD-4817-944F-709203873886}.Debug|Any CPU.ActiveCfg = Debug|Any CPU
		{8470495E-0ADD-4817-944F-709203873886}.Debug|Any CPU.Build.0 = Debug|Any CPU
		{8470495E-0ADD-4817-944F-709203873886}.Release|Any CPU.ActiveCfg = Release|Any CPU
		{8470495E-0ADD-4817-944F-709203873886}.Release|Any CPU.Build.0 = Release|Any CPU
		{CF002948-D15D-4D34-B894-B03101E29F11}.Debug|Any CPU.ActiveCfg = Debug|Any CPU
		{CF002948-D15D-4D34-B894-B03101E29F11}.Debug|Any CPU.Build.0 = Debug|Any CPU
		{CF002948-D15D-4D34-B894-B03101E29F11}.Release|Any CPU.ActiveCfg = Release|Any CPU
		{CF002948-D15D-4D34-B894-B03101E29F11}.Release|Any CPU.Build.0 = Release|Any CPU
		{A3EAD6CD-F611-4187-BFDD-741914DA3480}.Debug|Any CPU.ActiveCfg = Debug|Any CPU
		{A3EAD6CD-F611-4187-BFDD-741914DA3480}.Debug|Any CPU.Build.0 = Debug|Any CPU
		{A3EAD6CD-F611-4187-BFDD-741914DA3480}.Release|Any CPU.ActiveCfg = Release|Any CPU
		{A3EAD6CD-F611-4187-BFDD-741914DA3480}.Release|Any CPU.Build.0 = Release|Any CPU
		{B92D06E7-D60D-4D65-AA15-FCC4B9A8233C}.Debug|Any CPU.ActiveCfg = Debug|Any CPU
		{B92D06E7-D60D-4D65-AA15-FCC4B9A8233C}.Debug|Any CPU.Build.0 = Debug|Any CPU
		{B92D06E7-D60D-4D65-AA15-FCC4B9A8233C}.Release|Any CPU.ActiveCfg = Release|Any CPU
		{B92D06E7-D60D-4D65-AA15-FCC4B9A8233C}.Release|Any CPU.Build.0 = Release|Any CPU
		{3517D769-493D-46DD-AC16-7B0197A5172A}.Debug|Any CPU.ActiveCfg = Debug|Any CPU
		{3517D769-493D-46DD-AC16-7B0197A5172A}.Debug|Any CPU.Build.0 = Debug|Any CPU
		{3517D769-493D-46DD-AC16-7B0197A5172A}.Release|Any CPU.ActiveCfg = Release|Any CPU
		{3517D769-493D-46DD-AC16-7B0197A5172A}.Release|Any CPU.Build.0 = Release|Any CPU
		{97737D48-6338-4633-A105-9A59B5D657F5}.Debug|Any CPU.ActiveCfg = Debug|Any CPU
		{97737D48-6338-4633-A105-9A59B5D657F5}.Debug|Any CPU.Build.0 = Debug|Any CPU
		{97737D48-6338-4633-A105-9A59B5D657F5}.Release|Any CPU.ActiveCfg = Release|Any CPU
		{97737D48-6338-4633-A105-9A59B5D657F5}.Release|Any CPU.Build.0 = Release|Any CPU
		{227C2D87-21F6-4695-9BE3-2FD429F8893E}.Debug|Any CPU.ActiveCfg = Debug|Any CPU
		{227C2D87-21F6-4695-9BE3-2FD429F8893E}.Debug|Any CPU.Build.0 = Debug|Any CPU
		{227C2D87-21F6-4695-9BE3-2FD429F8893E}.Release|Any CPU.ActiveCfg = Release|Any CPU
		{227C2D87-21F6-4695-9BE3-2FD429F8893E}.Release|Any CPU.Build.0 = Release|Any CPU
	EndGlobalSection
	GlobalSection(SolutionProperties) = preSolution
		HideSolutionNode = FALSE
	EndGlobalSection
	GlobalSection(ExtensibilityGlobals) = postSolution
		SolutionGuid = {D324F0C1-D664-4A64-AF91-8530D5A6C40E}
	EndGlobalSection
EndGlobal
