
Microsoft Visual Studio Solution File, Format Version 12.00
# Visual Studio Version 16
VisualStudioVersion = 16.0.31005.135
MinimumVisualStudioVersion = 10.0.40219.1
Project("{FAE04EC0-301F-11D3-BF4B-00C04F79EFBC}") = "01.FlowerWreaths", "01.FlowerWreaths\01.FlowerWreaths.csproj", "{58C5B1DD-F6EF-49CB-ABAF-C7131FC9CCC9}"
EndProject
Project("{FAE04EC0-301F-11D3-BF4B-00C04F79EFBC}") = "02.Bee", "02.Bee\02.Bee.csproj", "{CCC169C4-5E3D-4543-A45D-01E59C29199E}"
EndProject
Global
	GlobalSection(SolutionConfigurationPlatforms) = preSolution
		Debug|Any CPU = Debug|Any CPU
		Release|Any CPU = Release|Any CPU
	EndGlobalSection
	GlobalSection(ProjectConfigurationPlatforms) = postSolution
		{58C5B1DD-F6EF-49CB-ABAF-C7131FC9CCC9}.Debug|Any CPU.ActiveCfg = Debug|Any CPU
		{58C5B1DD-F6EF-49CB-ABAF-C7131FC9CCC9}.Debug|Any CPU.Build.0 = Debug|Any CPU
		{58C5B1DD-F6EF-49CB-ABAF-C7131FC9CCC9}.Release|Any CPU.ActiveCfg = Release|Any CPU
		{58C5B1DD-F6EF-49CB-ABAF-C7131FC9CCC9}.Release|Any CPU.Build.0 = Release|Any CPU
		{CCC169C4-5E3D-4543-A45D-01E59C29199E}.Debug|Any CPU.ActiveCfg = Debug|Any CPU
		{CCC169C4-5E3D-4543-A45D-01E59C29199E}.Debug|Any CPU.Build.0 = Debug|Any CPU
		{CCC169C4-5E3D-4543-A45D-01E59C29199E}.Release|Any CPU.ActiveCfg = Release|Any CPU
		{CCC169C4-5E3D-4543-A45D-01E59C29199E}.Release|Any CPU.Build.0 = Release|Any CPU
	EndGlobalSection
	GlobalSection(SolutionProperties) = preSolution
		HideSolutionNode = FALSE
	EndGlobalSection
	GlobalSection(ExtensibilityGlobals) = postSolution
		SolutionGuid = {B8FE6C32-E9C4-4862-A1C6-2A4F09C4A11D}
	EndGlobalSection
EndGlobal
